
Microsoft Visual Studio Solution File, Format Version 12.00
# Visual Studio Version 17
VisualStudioVersion = 17.14.36518.9
MinimumVisualStudioVersion = 10.0.40219.1
Project("{2150E333-8FDC-42A3-9474-1A3956D46DE8}") = "Task0", "Task0", "{02EA681E-C7D8-13C7-8484-4AC65E1B71E8}"
EndProject
Project("{FAE04EC0-301F-11D3-BF4B-00C04F79EFBC}") = "Tyuiu.Kucherenkonm.Sprint6.Task0.V3.Lib", "Tyuiu.Kucherenkonm.Sprint6.Task0.V3.Lib\Tyuiu.Kucherenkonm.Sprint6.Task0.V3.Lib.csproj", "{F88FED87-2638-4DBB-ABCF-94B65884BFF7}"
EndProject
Project("{FAE04EC0-301F-11D3-BF4B-00C04F79EFBC}") = "Tyuiu.Kucherenkonm.Sprint6.Task0.V3.Test", "Tyuiu.Kucherenkonm.Sprint6.Task0.V3.Test\Tyuiu.Kucherenkonm.Sprint6.Task0.V3.Test.csproj", "{DCBDA861-3875-43DF-ABF5-93A09FCE4A1E}"
EndProject
Project("{FAE04EC0-301F-11D3-BF4B-00C04F79EFBC}") = "Tyuiu.Kucherenkonm.Sprint6.Task0.V3", "Tyuiu.Kucherenkonm.Sprint6.Task0.V3\Tyuiu.Kucherenkonm.Sprint6.Task0.V3.csproj", "{48F693FF-4696-4604-9AD4-0A41B83BBCD1}"
EndProject
Project("{2150E333-8FDC-42A3-9474-1A3956D46DE8}") = "Task1", "Task1", "{A265129C-BB0C-4028-8642-7B9C851DEC28}"
EndProject
Project("{FAE04EC0-301F-11D3-BF4B-00C04F79EFBC}") = "Tyuiu.Kucherenkonm.Sprint6.Task1.V28.Lib", "Tyuiu.Kucherenkonm.Sprint6.Task1.V28.Lib\Tyuiu.Kucherenkonm.Sprint6.Task1.V28.Lib.csproj", "{E5745266-5BA5-4026-9D9D-268FF2B2FAC0}"
EndProject
Project("{FAE04EC0-301F-11D3-BF4B-00C04F79EFBC}") = "Tyuiu.Kucherenkonm.Sprint6.Task1.V28.Test", "Tyuiu.Kucherenkonm.Sprint6.Task1.V28.Test\Tyuiu.Kucherenkonm.Sprint6.Task1.V28.Test.csproj", "{51198559-9A54-4428-9F0A-E9F693CEA758}"
EndProject
Project("{FAE04EC0-301F-11D3-BF4B-00C04F79EFBC}") = "Tyuiu.Kucherenkonm.Sprint6.Task1.V28", "Tyuiu.Kucherenkonm.Sprint6.Task1.V28\Tyuiu.Kucherenkonm.Sprint6.Task1.V28.csproj", "{EE35BB1D-8238-42FF-BC71-44DE19E8FD05}"
EndProject
Project("{2150E333-8FDC-42A3-9474-1A3956D46DE8}") = "Task2", "Task2", "{31B6439D-C261-4762-8A81-A5FDEDC314D9}"
EndProject
Project("{FAE04EC0-301F-11D3-BF4B-00C04F79EFBC}") = "Tyuiu.Kucherenkonm.Sprint6.Task2.V17.Test", "Tyuiu.Kucherenkonm.Sprint6.Task2.V17.Test\Tyuiu.Kucherenkonm.Sprint6.Task2.V17.Test.csproj", "{0E202008-F785-4E02-A6F0-4130CAB669B2}"
EndProject
Project("{FAE04EC0-301F-11D3-BF4B-00C04F79EFBC}") = "Tyuiu.Kucherenkonm.Sprint6.Task2.V17.Lib", "Tyuiu.Kucherenkonm.Sprint6.Task2.V17.Lib\Tyuiu.Kucherenkonm.Sprint6.Task2.V17.Lib.csproj", "{388F9961-02E2-46E4-8C74-FF6163FA4A65}"
EndProject
Project("{FAE04EC0-301F-11D3-BF4B-00C04F79EFBC}") = "Tyuiu.Kucherenkonm.Sprint6.Task2.V17", "Tyuiu.Kucherenkonm.Sprint6.Task2.V17\Tyuiu.Kucherenkonm.Sprint6.Task2.V17.csproj", "{06A3EC51-654D-4E02-AA80-C01E6468B8B6}"
EndProject
Project("{2150E333-8FDC-42A3-9474-1A3956D46DE8}") = "Task3", "Task3", "{20EB4201-A082-442A-9289-B18B456DFB1B}"
EndProject
Project("{FAE04EC0-301F-11D3-BF4B-00C04F79EFBC}") = "Tyuiu.Kucherenkonm.Sprint6.Task3.V19.Lib", "Tyuiu.Kucherenkonm.Sprint6.Task3.V19.Lib\Tyuiu.Kucherenkonm.Sprint6.Task3.V19.Lib.csproj", "{EBA75C8E-7606-4B05-934B-7E999F3ACA0F}"
EndProject
Project("{FAE04EC0-301F-11D3-BF4B-00C04F79EFBC}") = "Tyuiu.Kucherenkonm.Sprint6.Task3.V19.Test", "Tyuiu.Kucherenkonm.Sprint6.Task3.V19.Test\Tyuiu.Kucherenkonm.Sprint6.Task3.V19.Test.csproj", "{A05089DC-9941-4503-BEC7-89D816EDCDE5}"
EndProject
Project("{FAE04EC0-301F-11D3-BF4B-00C04F79EFBC}") = "Tyuiu.Kucherenkonm.Sprint6.Task3.V19", "Tyuiu.Kucherenkonm.Sprint6.Task3.V19\Tyuiu.Kucherenkonm.Sprint6.Task3.V19.csproj", "{04F5AB57-8B84-47BE-8044-434279BAD276}"
EndProject
Global
	GlobalSection(SolutionConfigurationPlatforms) = preSolution
		Debug|Any CPU = Debug|Any CPU
		Release|Any CPU = Release|Any CPU
	EndGlobalSection
	GlobalSection(ProjectConfigurationPlatforms) = postSolution
		{F88FED87-2638-4DBB-ABCF-94B65884BFF7}.Debug|Any CPU.ActiveCfg = Debug|Any CPU
		{F88FED87-2638-4DBB-ABCF-94B65884BFF7}.Debug|Any CPU.Build.0 = Debug|Any CPU
		{F88FED87-2638-4DBB-ABCF-94B65884BFF7}.Release|Any CPU.ActiveCfg = Release|Any CPU
		{F88FED87-2638-4DBB-ABCF-94B65884BFF7}.Release|Any CPU.Build.0 = Release|Any CPU
		{DCBDA861-3875-43DF-ABF5-93A09FCE4A1E}.Debug|Any CPU.ActiveCfg = Debug|Any CPU
		{DCBDA861-3875-43DF-ABF5-93A09FCE4A1E}.Debug|Any CPU.Build.0 = Debug|Any CPU
		{DCBDA861-3875-43DF-ABF5-93A09FCE4A1E}.Release|Any CPU.ActiveCfg = Release|Any CPU
		{DCBDA861-3875-43DF-ABF5-93A09FCE4A1E}.Release|Any CPU.Build.0 = Release|Any CPU
		{48F693FF-4696-4604-9AD4-0A41B83BBCD1}.Debug|Any CPU.ActiveCfg = Debug|Any CPU
		{48F693FF-4696-4604-9AD4-0A41B83BBCD1}.Debug|Any CPU.Build.0 = Debug|Any CPU
		{48F693FF-4696-4604-9AD4-0A41B83BBCD1}.Release|Any CPU.ActiveCfg = Release|Any CPU
		{48F693FF-4696-4604-9AD4-0A41B83BBCD1}.Release|Any CPU.Build.0 = Release|Any CPU
		{E5745266-5BA5-4026-9D9D-268FF2B2FAC0}.Debug|Any CPU.ActiveCfg = Debug|Any CPU
		{E5745266-5BA5-4026-9D9D-268FF2B2FAC0}.Debug|Any CPU.Build.0 = Debug|Any CPU
		{E5745266-5BA5-4026-9D9D-268FF2B2FAC0}.Release|Any CPU.ActiveCfg = Release|Any CPU
		{E5745266-5BA5-4026-9D9D-268FF2B2FAC0}.Release|Any CPU.Build.0 = Release|Any CPU
		{51198559-9A54-4428-9F0A-E9F693CEA758}.Debug|Any CPU.ActiveCfg = Debug|Any CPU
		{51198559-9A54-4428-9F0A-E9F693CEA758}.Debug|Any CPU.Build.0 = Debug|Any CPU
		{51198559-9A54-4428-9F0A-E9F693CEA758}.Release|Any CPU.ActiveCfg = Release|Any CPU
		{51198559-9A54-4428-9F0A-E9F693CEA758}.Release|Any CPU.Build.0 = Release|Any CPU
		{EE35BB1D-8238-42FF-BC71-44DE19E8FD05}.Debug|Any CPU.ActiveCfg = Debug|Any CPU
		{EE35BB1D-8238-42FF-BC71-44DE19E8FD05}.Debug|Any CPU.Build.0 = Debug|Any CPU
		{EE35BB1D-8238-42FF-BC71-44DE19E8FD05}.Release|Any CPU.ActiveCfg = Release|Any CPU
		{EE35BB1D-8238-42FF-BC71-44DE19E8FD05}.Release|Any CPU.Build.0 = Release|Any CPU
		{0E202008-F785-4E02-A6F0-4130CAB669B2}.Debug|Any CPU.ActiveCfg = Debug|Any CPU
		{0E202008-F785-4E02-A6F0-4130CAB669B2}.Debug|Any CPU.Build.0 = Debug|Any CPU
		{0E202008-F785-4E02-A6F0-4130CAB669B2}.Release|Any CPU.ActiveCfg = Release|Any CPU
		{0E202008-F785-4E02-A6F0-4130CAB669B2}.Release|Any CPU.Build.0 = Release|Any CPU
		{388F9961-02E2-46E4-8C74-FF6163FA4A65}.Debug|Any CPU.ActiveCfg = Debug|Any CPU
		{388F9961-02E2-46E4-8C74-FF6163FA4A65}.Debug|Any CPU.Build.0 = Debug|Any CPU
		{388F9961-02E2-46E4-8C74-FF6163FA4A65}.Release|Any CPU.ActiveCfg = Release|Any CPU
		{388F9961-02E2-46E4-8C74-FF6163FA4A65}.Release|Any CPU.Build.0 = Release|Any CPU
		{06A3EC51-654D-4E02-AA80-C01E6468B8B6}.Debug|Any CPU.ActiveCfg = Debug|Any CPU
		{06A3EC51-654D-4E02-AA80-C01E6468B8B6}.Debug|Any CPU.Build.0 = Debug|Any CPU
		{06A3EC51-654D-4E02-AA80-C01E6468B8B6}.Release|Any CPU.ActiveCfg = Release|Any CPU
		{06A3EC51-654D-4E02-AA80-C01E6468B8B6}.Release|Any CPU.Build.0 = Release|Any CPU
		{EBA75C8E-7606-4B05-934B-7E999F3ACA0F}.Debug|Any CPU.ActiveCfg = Debug|Any CPU
		{EBA75C8E-7606-4B05-934B-7E999F3ACA0F}.Debug|Any CPU.Build.0 = Debug|Any CPU
		{EBA75C8E-7606-4B05-934B-7E999F3ACA0F}.Release|Any CPU.ActiveCfg = Release|Any CPU
		{EBA75C8E-7606-4B05-934B-7E999F3ACA0F}.Release|Any CPU.Build.0 = Release|Any CPU
		{A05089DC-9941-4503-BEC7-89D816EDCDE5}.Debug|Any CPU.ActiveCfg = Debug|Any CPU
		{A05089DC-9941-4503-BEC7-89D816EDCDE5}.Debug|Any CPU.Build.0 = Debug|Any CPU
		{A05089DC-9941-4503-BEC7-89D816EDCDE5}.Release|Any CPU.ActiveCfg = Release|Any CPU
		{A05089DC-9941-4503-BEC7-89D816EDCDE5}.Release|Any CPU.Build.0 = Release|Any CPU
		{04F5AB57-8B84-47BE-8044-434279BAD276}.Debug|Any CPU.ActiveCfg = Debug|Any CPU
		{04F5AB57-8B84-47BE-8044-434279BAD276}.Debug|Any CPU.Build.0 = Debug|Any CPU
		{04F5AB57-8B84-47BE-8044-434279BAD276}.Release|Any CPU.ActiveCfg = Release|Any CPU
		{04F5AB57-8B84-47BE-8044-434279BAD276}.Release|Any CPU.Build.0 = Release|Any CPU
	EndGlobalSection
	GlobalSection(SolutionProperties) = preSolution
		HideSolutionNode = FALSE
	EndGlobalSection
	GlobalSection(NestedProjects) = preSolution
		{F88FED87-2638-4DBB-ABCF-94B65884BFF7} = {02EA681E-C7D8-13C7-8484-4AC65E1B71E8}
		{DCBDA861-3875-43DF-ABF5-93A09FCE4A1E} = {02EA681E-C7D8-13C7-8484-4AC65E1B71E8}
		{48F693FF-4696-4604-9AD4-0A41B83BBCD1} = {02EA681E-C7D8-13C7-8484-4AC65E1B71E8}
		{E5745266-5BA5-4026-9D9D-268FF2B2FAC0} = {A265129C-BB0C-4028-8642-7B9C851DEC28}
		{51198559-9A54-4428-9F0A-E9F693CEA758} = {A265129C-BB0C-4028-8642-7B9C851DEC28}
		{EE35BB1D-8238-42FF-BC71-44DE19E8FD05} = {A265129C-BB0C-4028-8642-7B9C851DEC28}
		{0E202008-F785-4E02-A6F0-4130CAB669B2} = {31B6439D-C261-4762-8A81-A5FDEDC314D9}
		{388F9961-02E2-46E4-8C74-FF6163FA4A65} = {31B6439D-C261-4762-8A81-A5FDEDC314D9}
		{06A3EC51-654D-4E02-AA80-C01E6468B8B6} = {31B6439D-C261-4762-8A81-A5FDEDC314D9}
		{EBA75C8E-7606-4B05-934B-7E999F3ACA0F} = {20EB4201-A082-442A-9289-B18B456DFB1B}
		{A05089DC-9941-4503-BEC7-89D816EDCDE5} = {20EB4201-A082-442A-9289-B18B456DFB1B}
		{04F5AB57-8B84-47BE-8044-434279BAD276} = {20EB4201-A082-442A-9289-B18B456DFB1B}
	EndGlobalSection
	GlobalSection(ExtensibilityGlobals) = postSolution
		SolutionGuid = {DBA729F8-CD1F-4698-9018-0CE7F4468FF8}
	EndGlobalSection
EndGlobal
